// !$*UTF8*$!
{
	archiveVersion = 1;
	classes = {
	};
	objectVersion = 46;
	objects = {

/* Begin PBXBuildFile section */
		1621668B1D76ACEC001B7753 /* SMarkLightOSX.h in Headers */ = {isa = PBXBuildFile; fileRef = 1621668A1D76ACEC001B7753 /* SMarkLightOSX.h */; settings = {ATTRIBUTES = (Public, ); }; };
		162166921D76ACEC001B7753 /* SMarkLight.framework in Frameworks */ = {isa = PBXBuildFile; fileRef = 162166881D76ACEC001B7753 /* SMarkLight.framework */; };
		162166971D76ACEC001B7753 /* SMarkLightOSXTests.swift in Sources */ = {isa = PBXBuildFile; fileRef = 162166961D76ACEC001B7753 /* SMarkLightOSXTests.swift */; };
		162166A01D76AD12001B7753 /* Marklight.swift in Sources */ = {isa = PBXBuildFile; fileRef = 16CDFB301D7588FC002D50A2 /* Marklight.swift */; };
		162166AA1D76B0F7001B7753 /* AppDelegate.swift in Sources */ = {isa = PBXBuildFile; fileRef = 162166A91D76B0F7001B7753 /* AppDelegate.swift */; };
		162166AC1D76B0F7001B7753 /* Assets.xcassets in Resources */ = {isa = PBXBuildFile; fileRef = 162166AB1D76B0F7001B7753 /* Assets.xcassets */; };
		162166AF1D76B0F7001B7753 /* MainMenu.xib in Resources */ = {isa = PBXBuildFile; fileRef = 162166AD1D76B0F7001B7753 /* MainMenu.xib */; };
		162166B51D76B173001B7753 /* RootWin.swift in Sources */ = {isa = PBXBuildFile; fileRef = 162166B41D76B173001B7753 /* RootWin.swift */; };
		162166B61D76B234001B7753 /* Sample.md in Resources */ = {isa = PBXBuildFile; fileRef = 16CDFB5D1D75898B002D50A2 /* Sample.md */; };
		162166B71D76B24F001B7753 /* SMarkLight.framework in Frameworks */ = {isa = PBXBuildFile; fileRef = 162166881D76ACEC001B7753 /* SMarkLight.framework */; };
		162166B81D76B24F001B7753 /* SMarkLight.framework in Embed Frameworks */ = {isa = PBXBuildFile; fileRef = 162166881D76ACEC001B7753 /* SMarkLight.framework */; settings = {ATTRIBUTES = (CodeSignOnCopy, RemoveHeadersOnCopy, ); }; };
		16646C841D77D82A00DCF2B5 /* RootVC.swift in Sources */ = {isa = PBXBuildFile; fileRef = 16646C831D77D82A00DCF2B5 /* RootVC.swift */; };
		16646C881D781BC500DCF2B5 /* SMarkStyle.swift in Sources */ = {isa = PBXBuildFile; fileRef = 16646C871D781BC500DCF2B5 /* SMarkStyle.swift */; };
		16646C891D781BC500DCF2B5 /* SMarkStyle.swift in Sources */ = {isa = PBXBuildFile; fileRef = 16646C871D781BC500DCF2B5 /* SMarkStyle.swift */; };
		16646C9A1D7824A500DCF2B5 /* Mou Fresh Air+.style in Resources */ = {isa = PBXBuildFile; fileRef = 16646C8B1D7824A500DCF2B5 /* Mou Fresh Air+.style */; };
		16646C9B1D7824A500DCF2B5 /* Mou Fresh Air+.style in Resources */ = {isa = PBXBuildFile; fileRef = 16646C8B1D7824A500DCF2B5 /* Mou Fresh Air+.style */; };
		16646C9C1D7824A500DCF2B5 /* Mou Fresh Air.style in Resources */ = {isa = PBXBuildFile; fileRef = 16646C8C1D7824A500DCF2B5 /* Mou Fresh Air.style */; };
		16646C9D1D7824A500DCF2B5 /* Mou Fresh Air.style in Resources */ = {isa = PBXBuildFile; fileRef = 16646C8C1D7824A500DCF2B5 /* Mou Fresh Air.style */; };
		16646C9E1D7824A500DCF2B5 /* Mou Night+.style in Resources */ = {isa = PBXBuildFile; fileRef = 16646C8D1D7824A500DCF2B5 /* Mou Night+.style */; };
		16646C9F1D7824A500DCF2B5 /* Mou Night+.style in Resources */ = {isa = PBXBuildFile; fileRef = 16646C8D1D7824A500DCF2B5 /* Mou Night+.style */; };
		16646CA01D7824A500DCF2B5 /* Mou Night.style in Resources */ = {isa = PBXBuildFile; fileRef = 16646C8E1D7824A500DCF2B5 /* Mou Night.style */; };
		16646CA11D7824A500DCF2B5 /* Mou Night.style in Resources */ = {isa = PBXBuildFile; fileRef = 16646C8E1D7824A500DCF2B5 /* Mou Night.style */; };
		16646CA21D7824A500DCF2B5 /* Mou Paper+.style in Resources */ = {isa = PBXBuildFile; fileRef = 16646C8F1D7824A500DCF2B5 /* Mou Paper+.style */; };
		16646CA31D7824A500DCF2B5 /* Mou Paper+.style in Resources */ = {isa = PBXBuildFile; fileRef = 16646C8F1D7824A500DCF2B5 /* Mou Paper+.style */; };
		16646CA41D7824A500DCF2B5 /* Mou Paper.style in Resources */ = {isa = PBXBuildFile; fileRef = 16646C901D7824A500DCF2B5 /* Mou Paper.style */; };
		16646CA51D7824A500DCF2B5 /* Mou Paper.style in Resources */ = {isa = PBXBuildFile; fileRef = 16646C901D7824A500DCF2B5 /* Mou Paper.style */; };
		16646CA61D7824A500DCF2B5 /* Solarized (Dark)+.style in Resources */ = {isa = PBXBuildFile; fileRef = 16646C911D7824A500DCF2B5 /* Solarized (Dark)+.style */; };
		16646CA71D7824A500DCF2B5 /* Solarized (Dark)+.style in Resources */ = {isa = PBXBuildFile; fileRef = 16646C911D7824A500DCF2B5 /* Solarized (Dark)+.style */; };
		16646CA81D7824A500DCF2B5 /* Solarized (Dark).style in Resources */ = {isa = PBXBuildFile; fileRef = 16646C921D7824A500DCF2B5 /* Solarized (Dark).style */; };
		16646CA91D7824A500DCF2B5 /* Solarized (Dark).style in Resources */ = {isa = PBXBuildFile; fileRef = 16646C921D7824A500DCF2B5 /* Solarized (Dark).style */; };
		16646CAA1D7824A500DCF2B5 /* Solarized (Light)+.style in Resources */ = {isa = PBXBuildFile; fileRef = 16646C931D7824A500DCF2B5 /* Solarized (Light)+.style */; };
		16646CAB1D7824A500DCF2B5 /* Solarized (Light)+.style in Resources */ = {isa = PBXBuildFile; fileRef = 16646C931D7824A500DCF2B5 /* Solarized (Light)+.style */; };
		16646CAC1D7824A500DCF2B5 /* Solarized (Light).style in Resources */ = {isa = PBXBuildFile; fileRef = 16646C941D7824A500DCF2B5 /* Solarized (Light).style */; };
		16646CAD1D7824A500DCF2B5 /* Solarized (Light).style in Resources */ = {isa = PBXBuildFile; fileRef = 16646C941D7824A500DCF2B5 /* Solarized (Light).style */; };
		16646CAE1D7824A500DCF2B5 /* Tomorrow Blue.style in Resources */ = {isa = PBXBuildFile; fileRef = 16646C951D7824A500DCF2B5 /* Tomorrow Blue.style */; };
		16646CAF1D7824A500DCF2B5 /* Tomorrow Blue.style in Resources */ = {isa = PBXBuildFile; fileRef = 16646C951D7824A500DCF2B5 /* Tomorrow Blue.style */; };
		16646CB01D7824A500DCF2B5 /* Tomorrow+.style in Resources */ = {isa = PBXBuildFile; fileRef = 16646C961D7824A500DCF2B5 /* Tomorrow+.style */; };
		16646CB11D7824A500DCF2B5 /* Tomorrow+.style in Resources */ = {isa = PBXBuildFile; fileRef = 16646C961D7824A500DCF2B5 /* Tomorrow+.style */; };
		16646CB21D7824A500DCF2B5 /* Tomorrow.style in Resources */ = {isa = PBXBuildFile; fileRef = 16646C971D7824A500DCF2B5 /* Tomorrow.style */; };
		16646CB31D7824A500DCF2B5 /* Tomorrow.style in Resources */ = {isa = PBXBuildFile; fileRef = 16646C971D7824A500DCF2B5 /* Tomorrow.style */; };
		16646CB41D7824A500DCF2B5 /* Writer+.style in Resources */ = {isa = PBXBuildFile; fileRef = 16646C981D7824A500DCF2B5 /* Writer+.style */; };
		16646CB51D7824A500DCF2B5 /* Writer+.style in Resources */ = {isa = PBXBuildFile; fileRef = 16646C981D7824A500DCF2B5 /* Writer+.style */; };
		16646CB61D7824A500DCF2B5 /* Writer.style in Resources */ = {isa = PBXBuildFile; fileRef = 16646C991D7824A500DCF2B5 /* Writer.style */; };
		16646CB71D7824A500DCF2B5 /* Writer.style in Resources */ = {isa = PBXBuildFile; fileRef = 16646C991D7824A500DCF2B5 /* Writer.style */; };
		16646CB91D78256700DCF2B5 /* Extension.swift in Sources */ = {isa = PBXBuildFile; fileRef = 16646CB81D78256700DCF2B5 /* Extension.swift */; };
		16646CBA1D78256700DCF2B5 /* Extension.swift in Sources */ = {isa = PBXBuildFile; fileRef = 16646CB81D78256700DCF2B5 /* Extension.swift */; };
		169D73C31D7EC8A7003A8BE9 /* SMarkEditor.swift in Sources */ = {isa = PBXBuildFile; fileRef = 16646C851D77E08E00DCF2B5 /* SMarkEditor.swift */; };
		16CDFB191D7588D1002D50A2 /* SMarkLight.h in Headers */ = {isa = PBXBuildFile; fileRef = 16CDFB181D7588D1002D50A2 /* SMarkLight.h */; settings = {ATTRIBUTES = (Public, ); }; };
		16CDFB201D7588D1002D50A2 /* SMarkLight.framework in Frameworks */ = {isa = PBXBuildFile; fileRef = 16CDFB151D7588D1002D50A2 /* SMarkLight.framework */; };
		16CDFB251D7588D1002D50A2 /* SMarkLightTests.swift in Sources */ = {isa = PBXBuildFile; fileRef = 16CDFB241D7588D1002D50A2 /* SMarkLightTests.swift */; };
		16CDFB321D7588FC002D50A2 /* Marklight.swift in Sources */ = {isa = PBXBuildFile; fileRef = 16CDFB301D7588FC002D50A2 /* Marklight.swift */; };
		16CDFB3B1D75891B002D50A2 /* AppDelegate.swift in Sources */ = {isa = PBXBuildFile; fileRef = 16CDFB3A1D75891B002D50A2 /* AppDelegate.swift */; };
		16CDFB3D1D75891B002D50A2 /* ViewController.swift in Sources */ = {isa = PBXBuildFile; fileRef = 16CDFB3C1D75891B002D50A2 /* ViewController.swift */; };
		16CDFB401D75891B002D50A2 /* Main.storyboard in Resources */ = {isa = PBXBuildFile; fileRef = 16CDFB3E1D75891B002D50A2 /* Main.storyboard */; };
		16CDFB421D75891B002D50A2 /* Assets.xcassets in Resources */ = {isa = PBXBuildFile; fileRef = 16CDFB411D75891B002D50A2 /* Assets.xcassets */; };
		16CDFB451D75891B002D50A2 /* LaunchScreen.storyboard in Resources */ = {isa = PBXBuildFile; fileRef = 16CDFB431D75891B002D50A2 /* LaunchScreen.storyboard */; };
		16CDFB581D758928002D50A2 /* SMarkLight.framework in Frameworks */ = {isa = PBXBuildFile; fileRef = 16CDFB151D7588D1002D50A2 /* SMarkLight.framework */; };
		16CDFB591D758928002D50A2 /* SMarkLight.framework in Embed Frameworks */ = {isa = PBXBuildFile; fileRef = 16CDFB151D7588D1002D50A2 /* SMarkLight.framework */; settings = {ATTRIBUTES = (CodeSignOnCopy, RemoveHeadersOnCopy, ); }; };
		16CDFB5E1D75898B002D50A2 /* Sample.md in Resources */ = {isa = PBXBuildFile; fileRef = 16CDFB5D1D75898B002D50A2 /* Sample.md */; };
		16FA5D271D7E69BC00CA99DD /* SMarkEditor.swift in Sources */ = {isa = PBXBuildFile; fileRef = 16646C851D77E08E00DCF2B5 /* SMarkEditor.swift */; };
/* End PBXBuildFile section */

/* Begin PBXContainerItemProxy section */
		162166931D76ACEC001B7753 /* PBXContainerItemProxy */ = {
			isa = PBXContainerItemProxy;
			containerPortal = 16CDFB0C1D7588D1002D50A2 /* Project object */;
			proxyType = 1;
			remoteGlobalIDString = 162166871D76ACEC001B7753;
			remoteInfo = SMarkLightOSX;
		};
		162166B91D76B24F001B7753 /* PBXContainerItemProxy */ = {
			isa = PBXContainerItemProxy;
			containerPortal = 16CDFB0C1D7588D1002D50A2 /* Project object */;
			proxyType = 1;
			remoteGlobalIDString = 162166871D76ACEC001B7753;
			remoteInfo = SMarkLightOSX;
		};
		16CDFB211D7588D1002D50A2 /* PBXContainerItemProxy */ = {
			isa = PBXContainerItemProxy;
			containerPortal = 16CDFB0C1D7588D1002D50A2 /* Project object */;
			proxyType = 1;
			remoteGlobalIDString = 16CDFB141D7588D1002D50A2;
			remoteInfo = SMarkLight;
		};
		16CDFB5A1D758928002D50A2 /* PBXContainerItemProxy */ = {
			isa = PBXContainerItemProxy;
			containerPortal = 16CDFB0C1D7588D1002D50A2 /* Project object */;
			proxyType = 1;
			remoteGlobalIDString = 16CDFB141D7588D1002D50A2;
			remoteInfo = SMarkLight;
		};
/* End PBXContainerItemProxy section */

/* Begin PBXCopyFilesBuildPhase section */
		162166BB1D76B24F001B7753 /* Embed Frameworks */ = {
			isa = PBXCopyFilesBuildPhase;
			buildActionMask = 2147483647;
			dstPath = "";
			dstSubfolderSpec = 10;
			files = (
				162166B81D76B24F001B7753 /* SMarkLight.framework in Embed Frameworks */,
			);
			name = "Embed Frameworks";
			runOnlyForDeploymentPostprocessing = 0;
		};
		16CDFB5C1D758928002D50A2 /* Embed Frameworks */ = {
			isa = PBXCopyFilesBuildPhase;
			buildActionMask = 2147483647;
			dstPath = "";
			dstSubfolderSpec = 10;
			files = (
				16CDFB591D758928002D50A2 /* SMarkLight.framework in Embed Frameworks */,
			);
			name = "Embed Frameworks";
			runOnlyForDeploymentPostprocessing = 0;
		};
/* End PBXCopyFilesBuildPhase section */

/* Begin PBXFileReference section */
		1621667F1D7672FE001B7753 /* MyPlayground.playground */ = {isa = PBXFileReference; lastKnownFileType = file.playground; path = MyPlayground.playground; sourceTree = "<group>"; };
		162166801D7675FE001B7753 /* FontEnum.swift */ = {isa = PBXFileReference; fileEncoding = 4; lastKnownFileType = sourcecode.swift; name = FontEnum.swift; path = ../Source/FontEnum.swift; sourceTree = "<group>"; };
		162166821D769531001B7753 /* osx.playground */ = {isa = PBXFileReference; lastKnownFileType = file.playground; path = osx.playground; sourceTree = "<group>"; };
		162166881D76ACEC001B7753 /* SMarkLight.framework */ = {isa = PBXFileReference; explicitFileType = wrapper.framework; includeInIndex = 0; path = SMarkLight.framework; sourceTree = BUILT_PRODUCTS_DIR; };
		1621668A1D76ACEC001B7753 /* SMarkLightOSX.h */ = {isa = PBXFileReference; lastKnownFileType = sourcecode.c.h; path = SMarkLightOSX.h; sourceTree = "<group>"; };
		1621668C1D76ACEC001B7753 /* Info.plist */ = {isa = PBXFileReference; lastKnownFileType = text.plist.xml; path = Info.plist; sourceTree = "<group>"; };
		162166911D76ACEC001B7753 /* SMarkLightOSXTests.xctest */ = {isa = PBXFileReference; explicitFileType = wrapper.cfbundle; includeInIndex = 0; path = SMarkLightOSXTests.xctest; sourceTree = BUILT_PRODUCTS_DIR; };
		162166961D76ACEC001B7753 /* SMarkLightOSXTests.swift */ = {isa = PBXFileReference; lastKnownFileType = sourcecode.swift; path = SMarkLightOSXTests.swift; sourceTree = "<group>"; };
		162166981D76ACEC001B7753 /* Info.plist */ = {isa = PBXFileReference; lastKnownFileType = text.plist.xml; path = Info.plist; sourceTree = "<group>"; };
		162166A71D76B0F7001B7753 /* OSXDemo.app */ = {isa = PBXFileReference; explicitFileType = wrapper.application; includeInIndex = 0; path = OSXDemo.app; sourceTree = BUILT_PRODUCTS_DIR; };
		162166A91D76B0F7001B7753 /* AppDelegate.swift */ = {isa = PBXFileReference; lastKnownFileType = sourcecode.swift; path = AppDelegate.swift; sourceTree = "<group>"; };
		162166AB1D76B0F7001B7753 /* Assets.xcassets */ = {isa = PBXFileReference; lastKnownFileType = folder.assetcatalog; path = Assets.xcassets; sourceTree = "<group>"; };
		162166AE1D76B0F7001B7753 /* Base */ = {isa = PBXFileReference; lastKnownFileType = file.xib; name = Base; path = Base.lproj/MainMenu.xib; sourceTree = "<group>"; };
		162166B01D76B0F7001B7753 /* Info.plist */ = {isa = PBXFileReference; lastKnownFileType = text.plist.xml; path = Info.plist; sourceTree = "<group>"; };
		162166B41D76B173001B7753 /* RootWin.swift */ = {isa = PBXFileReference; fileEncoding = 4; lastKnownFileType = sourcecode.swift; path = RootWin.swift; sourceTree = "<group>"; };
		16646C831D77D82A00DCF2B5 /* RootVC.swift */ = {isa = PBXFileReference; fileEncoding = 4; lastKnownFileType = sourcecode.swift; path = RootVC.swift; sourceTree = "<group>"; };
		16646C851D77E08E00DCF2B5 /* SMarkEditor.swift */ = {isa = PBXFileReference; fileEncoding = 4; lastKnownFileType = sourcecode.swift; path = SMarkEditor.swift; sourceTree = "<group>"; };
		16646C871D781BC500DCF2B5 /* SMarkStyle.swift */ = {isa = PBXFileReference; fileEncoding = 4; lastKnownFileType = sourcecode.swift; path = SMarkStyle.swift; sourceTree = "<group>"; };
		16646C8B1D7824A500DCF2B5 /* Mou Fresh Air+.style */ = {isa = PBXFileReference; fileEncoding = 4; lastKnownFileType = text; path = "Mou Fresh Air+.style"; sourceTree = "<group>"; };
		16646C8C1D7824A500DCF2B5 /* Mou Fresh Air.style */ = {isa = PBXFileReference; fileEncoding = 4; lastKnownFileType = text; path = "Mou Fresh Air.style"; sourceTree = "<group>"; };
		16646C8D1D7824A500DCF2B5 /* Mou Night+.style */ = {isa = PBXFileReference; fileEncoding = 4; lastKnownFileType = text; path = "Mou Night+.style"; sourceTree = "<group>"; };
		16646C8E1D7824A500DCF2B5 /* Mou Night.style */ = {isa = PBXFileReference; fileEncoding = 4; lastKnownFileType = text; path = "Mou Night.style"; sourceTree = "<group>"; };
		16646C8F1D7824A500DCF2B5 /* Mou Paper+.style */ = {isa = PBXFileReference; fileEncoding = 4; lastKnownFileType = text; path = "Mou Paper+.style"; sourceTree = "<group>"; };
		16646C901D7824A500DCF2B5 /* Mou Paper.style */ = {isa = PBXFileReference; fileEncoding = 4; lastKnownFileType = text; path = "Mou Paper.style"; sourceTree = "<group>"; };
		16646C911D7824A500DCF2B5 /* Solarized (Dark)+.style */ = {isa = PBXFileReference; fileEncoding = 4; lastKnownFileType = text; path = "Solarized (Dark)+.style"; sourceTree = "<group>"; };
		16646C921D7824A500DCF2B5 /* Solarized (Dark).style */ = {isa = PBXFileReference; fileEncoding = 4; lastKnownFileType = text; path = "Solarized (Dark).style"; sourceTree = "<group>"; };
		16646C931D7824A500DCF2B5 /* Solarized (Light)+.style */ = {isa = PBXFileReference; fileEncoding = 4; lastKnownFileType = text; path = "Solarized (Light)+.style"; sourceTree = "<group>"; };
		16646C941D7824A500DCF2B5 /* Solarized (Light).style */ = {isa = PBXFileReference; fileEncoding = 4; lastKnownFileType = text; path = "Solarized (Light).style"; sourceTree = "<group>"; };
		16646C951D7824A500DCF2B5 /* Tomorrow Blue.style */ = {isa = PBXFileReference; fileEncoding = 4; lastKnownFileType = text; path = "Tomorrow Blue.style"; sourceTree = "<group>"; };
		16646C961D7824A500DCF2B5 /* Tomorrow+.style */ = {isa = PBXFileReference; fileEncoding = 4; lastKnownFileType = text; path = "Tomorrow+.style"; sourceTree = "<group>"; };
		16646C971D7824A500DCF2B5 /* Tomorrow.style */ = {isa = PBXFileReference; fileEncoding = 4; lastKnownFileType = text; path = Tomorrow.style; sourceTree = "<group>"; };
		16646C981D7824A500DCF2B5 /* Writer+.style */ = {isa = PBXFileReference; fileEncoding = 4; lastKnownFileType = text; path = "Writer+.style"; sourceTree = "<group>"; };
		16646C991D7824A500DCF2B5 /* Writer.style */ = {isa = PBXFileReference; fileEncoding = 4; lastKnownFileType = text; path = Writer.style; sourceTree = "<group>"; };
		16646CB81D78256700DCF2B5 /* Extension.swift */ = {isa = PBXFileReference; fileEncoding = 4; lastKnownFileType = sourcecode.swift; path = Extension.swift; sourceTree = "<group>"; };
		16CDFB151D7588D1002D50A2 /* SMarkLight.framework */ = {isa = PBXFileReference; explicitFileType = wrapper.framework; includeInIndex = 0; path = SMarkLight.framework; sourceTree = BUILT_PRODUCTS_DIR; };
		16CDFB181D7588D1002D50A2 /* SMarkLight.h */ = {isa = PBXFileReference; lastKnownFileType = sourcecode.c.h; path = SMarkLight.h; sourceTree = "<group>"; };
		16CDFB1A1D7588D1002D50A2 /* Info.plist */ = {isa = PBXFileReference; lastKnownFileType = text.plist.xml; path = Info.plist; sourceTree = "<group>"; };
		16CDFB1F1D7588D1002D50A2 /* SMarkLightTests.xctest */ = {isa = PBXFileReference; explicitFileType = wrapper.cfbundle; includeInIndex = 0; path = SMarkLightTests.xctest; sourceTree = BUILT_PRODUCTS_DIR; };
		16CDFB241D7588D1002D50A2 /* SMarkLightTests.swift */ = {isa = PBXFileReference; lastKnownFileType = sourcecode.swift; path = SMarkLightTests.swift; sourceTree = "<group>"; };
		16CDFB261D7588D1002D50A2 /* Info.plist */ = {isa = PBXFileReference; lastKnownFileType = text.plist.xml; path = Info.plist; sourceTree = "<group>"; };
		16CDFB301D7588FC002D50A2 /* Marklight.swift */ = {isa = PBXFileReference; fileEncoding = 4; lastKnownFileType = sourcecode.swift; path = Marklight.swift; sourceTree = "<group>"; };
		16CDFB381D75891B002D50A2 /* Demo.app */ = {isa = PBXFileReference; explicitFileType = wrapper.application; includeInIndex = 0; path = Demo.app; sourceTree = BUILT_PRODUCTS_DIR; };
		16CDFB3A1D75891B002D50A2 /* AppDelegate.swift */ = {isa = PBXFileReference; lastKnownFileType = sourcecode.swift; path = AppDelegate.swift; sourceTree = "<group>"; };
		16CDFB3C1D75891B002D50A2 /* ViewController.swift */ = {isa = PBXFileReference; lastKnownFileType = sourcecode.swift; path = ViewController.swift; sourceTree = "<group>"; };
		16CDFB3F1D75891B002D50A2 /* Base */ = {isa = PBXFileReference; lastKnownFileType = file.storyboard; name = Base; path = Base.lproj/Main.storyboard; sourceTree = "<group>"; };
		16CDFB411D75891B002D50A2 /* Assets.xcassets */ = {isa = PBXFileReference; lastKnownFileType = folder.assetcatalog; path = Assets.xcassets; sourceTree = "<group>"; };
		16CDFB441D75891B002D50A2 /* Base */ = {isa = PBXFileReference; lastKnownFileType = file.storyboard; name = Base; path = Base.lproj/LaunchScreen.storyboard; sourceTree = "<group>"; };
		16CDFB461D75891B002D50A2 /* Info.plist */ = {isa = PBXFileReference; lastKnownFileType = text.plist.xml; path = Info.plist; sourceTree = "<group>"; };
		16CDFB5D1D75898B002D50A2 /* Sample.md */ = {isa = PBXFileReference; fileEncoding = 4; lastKnownFileType = net.daringfireball.markdown; path = Sample.md; sourceTree = "<group>"; };
/* End PBXFileReference section */

/* Begin PBXFrameworksBuildPhase section */
		162166841D76ACEC001B7753 /* Frameworks */ = {
			isa = PBXFrameworksBuildPhase;
			buildActionMask = 2147483647;
			files = (
			);
			runOnlyForDeploymentPostprocessing = 0;
		};
		1621668E1D76ACEC001B7753 /* Frameworks */ = {
			isa = PBXFrameworksBuildPhase;
			buildActionMask = 2147483647;
			files = (
				162166921D76ACEC001B7753 /* SMarkLight.framework in Frameworks */,
			);
			runOnlyForDeploymentPostprocessing = 0;
		};
		162166A41D76B0F7001B7753 /* Frameworks */ = {
			isa = PBXFrameworksBuildPhase;
			buildActionMask = 2147483647;
			files = (
				162166B71D76B24F001B7753 /* SMarkLight.framework in Frameworks */,
			);
			runOnlyForDeploymentPostprocessing = 0;
		};
		16CDFB111D7588D1002D50A2 /* Frameworks */ = {
			isa = PBXFrameworksBuildPhase;
			buildActionMask = 2147483647;
			files = (
			);
			runOnlyForDeploymentPostprocessing = 0;
		};
		16CDFB1C1D7588D1002D50A2 /* Frameworks */ = {
			isa = PBXFrameworksBuildPhase;
			buildActionMask = 2147483647;
			files = (
				16CDFB201D7588D1002D50A2 /* SMarkLight.framework in Frameworks */,
			);
			runOnlyForDeploymentPostprocessing = 0;
		};
		16CDFB351D75891B002D50A2 /* Frameworks */ = {
			isa = PBXFrameworksBuildPhase;
			buildActionMask = 2147483647;
			files = (
				16CDFB581D758928002D50A2 /* SMarkLight.framework in Frameworks */,
			);
			runOnlyForDeploymentPostprocessing = 0;
		};
/* End PBXFrameworksBuildPhase section */

/* Begin PBXGroup section */
		162166891D76ACEC001B7753 /* SMarkLightOSX */ = {
			isa = PBXGroup;
			children = (
				1621668A1D76ACEC001B7753 /* SMarkLightOSX.h */,
				1621668C1D76ACEC001B7753 /* Info.plist */,
			);
			path = SMarkLightOSX;
			sourceTree = "<group>";
		};
		162166951D76ACEC001B7753 /* SMarkLightOSXTests */ = {
			isa = PBXGroup;
			children = (
				162166961D76ACEC001B7753 /* SMarkLightOSXTests.swift */,
				162166981D76ACEC001B7753 /* Info.plist */,
			);
			path = SMarkLightOSXTests;
			sourceTree = "<group>";
		};
		162166A81D76B0F7001B7753 /* OSXDemo */ = {
			isa = PBXGroup;
			children = (
				162166A91D76B0F7001B7753 /* AppDelegate.swift */,
				162166B41D76B173001B7753 /* RootWin.swift */,
				16646C831D77D82A00DCF2B5 /* RootVC.swift */,
				162166AB1D76B0F7001B7753 /* Assets.xcassets */,
				162166AD1D76B0F7001B7753 /* MainMenu.xib */,
				162166B01D76B0F7001B7753 /* Info.plist */,
			);
			path = OSXDemo;
			sourceTree = "<group>";
		};
		16646C8A1D7824A500DCF2B5 /* Style */ = {
			isa = PBXGroup;
			children = (
				16646C8B1D7824A500DCF2B5 /* Mou Fresh Air+.style */,
				16646C8C1D7824A500DCF2B5 /* Mou Fresh Air.style */,
				16646C8D1D7824A500DCF2B5 /* Mou Night+.style */,
				16646C8E1D7824A500DCF2B5 /* Mou Night.style */,
				16646C8F1D7824A500DCF2B5 /* Mou Paper+.style */,
				16646C901D7824A500DCF2B5 /* Mou Paper.style */,
				16646C911D7824A500DCF2B5 /* Solarized (Dark)+.style */,
				16646C921D7824A500DCF2B5 /* Solarized (Dark).style */,
				16646C931D7824A500DCF2B5 /* Solarized (Light)+.style */,
				16646C941D7824A500DCF2B5 /* Solarized (Light).style */,
				16646C951D7824A500DCF2B5 /* Tomorrow Blue.style */,
				16646C961D7824A500DCF2B5 /* Tomorrow+.style */,
				16646C971D7824A500DCF2B5 /* Tomorrow.style */,
				16646C981D7824A500DCF2B5 /* Writer+.style */,
				16646C991D7824A500DCF2B5 /* Writer.style */,
			);
			path = Style;
			sourceTree = "<group>";
		};
		16CDFB0B1D7588D1002D50A2 = {
			isa = PBXGroup;
			children = (
				162166821D769531001B7753 /* osx.playground */,
				1621667F1D7672FE001B7753 /* MyPlayground.playground */,
				16CDFB2F1D7588FC002D50A2 /* Source */,
				16CDFB171D7588D1002D50A2 /* SMarkLight */,
				16CDFB231D7588D1002D50A2 /* SMarkLightTests */,
				16CDFB391D75891B002D50A2 /* Demo */,
				162166891D76ACEC001B7753 /* SMarkLightOSX */,
				162166951D76ACEC001B7753 /* SMarkLightOSXTests */,
				162166A81D76B0F7001B7753 /* OSXDemo */,
				16CDFB161D7588D1002D50A2 /* Products */,
			);
			sourceTree = "<group>";
		};
		16CDFB161D7588D1002D50A2 /* Products */ = {
			isa = PBXGroup;
			children = (
				16CDFB151D7588D1002D50A2 /* SMarkLight.framework */,
				16CDFB1F1D7588D1002D50A2 /* SMarkLightTests.xctest */,
				16CDFB381D75891B002D50A2 /* Demo.app */,
				162166881D76ACEC001B7753 /* SMarkLight.framework */,
				162166911D76ACEC001B7753 /* SMarkLightOSXTests.xctest */,
				162166A71D76B0F7001B7753 /* OSXDemo.app */,
			);
			name = Products;
			sourceTree = "<group>";
		};
		16CDFB171D7588D1002D50A2 /* SMarkLight */ = {
			isa = PBXGroup;
			children = (
				16CDFB181D7588D1002D50A2 /* SMarkLight.h */,
				16CDFB1A1D7588D1002D50A2 /* Info.plist */,
			);
			path = SMarkLight;
			sourceTree = "<group>";
		};
		16CDFB231D7588D1002D50A2 /* SMarkLightTests */ = {
			isa = PBXGroup;
			children = (
				162166801D7675FE001B7753 /* FontEnum.swift */,
				16CDFB241D7588D1002D50A2 /* SMarkLightTests.swift */,
				16CDFB261D7588D1002D50A2 /* Info.plist */,
			);
			path = SMarkLightTests;
			sourceTree = "<group>";
		};
		16CDFB2F1D7588FC002D50A2 /* Source */ = {
			isa = PBXGroup;
			children = (
				16646C8A1D7824A500DCF2B5 /* Style */,
				16CDFB301D7588FC002D50A2 /* Marklight.swift */,
				16646C851D77E08E00DCF2B5 /* SMarkEditor.swift */,
				16646C871D781BC500DCF2B5 /* SMarkStyle.swift */,
				16646CB81D78256700DCF2B5 /* Extension.swift */,
			);
			path = Source;
			sourceTree = "<group>";
		};
		16CDFB391D75891B002D50A2 /* Demo */ = {
			isa = PBXGroup;
			children = (
				16CDFB3A1D75891B002D50A2 /* AppDelegate.swift */,
				16CDFB3C1D75891B002D50A2 /* ViewController.swift */,
				16CDFB3E1D75891B002D50A2 /* Main.storyboard */,
				16CDFB5D1D75898B002D50A2 /* Sample.md */,
				16CDFB411D75891B002D50A2 /* Assets.xcassets */,
				16CDFB431D75891B002D50A2 /* LaunchScreen.storyboard */,
				16CDFB461D75891B002D50A2 /* Info.plist */,
			);
			path = Demo;
			sourceTree = "<group>";
		};
/* End PBXGroup section */

/* Begin PBXHeadersBuildPhase section */
		162166851D76ACEC001B7753 /* Headers */ = {
			isa = PBXHeadersBuildPhase;
			buildActionMask = 2147483647;
			files = (
				1621668B1D76ACEC001B7753 /* SMarkLightOSX.h in Headers */,
			);
			runOnlyForDeploymentPostprocessing = 0;
		};
		16CDFB121D7588D1002D50A2 /* Headers */ = {
			isa = PBXHeadersBuildPhase;
			buildActionMask = 2147483647;
			files = (
				16CDFB191D7588D1002D50A2 /* SMarkLight.h in Headers */,
			);
			runOnlyForDeploymentPostprocessing = 0;
		};
/* End PBXHeadersBuildPhase section */

/* Begin PBXNativeTarget section */
		162166871D76ACEC001B7753 /* SMarkLightOSX */ = {
			isa = PBXNativeTarget;
			buildConfigurationList = 162166991D76ACEC001B7753 /* Build configuration list for PBXNativeTarget "SMarkLightOSX" */;
			buildPhases = (
				162166831D76ACEC001B7753 /* Sources */,
				162166841D76ACEC001B7753 /* Frameworks */,
				162166851D76ACEC001B7753 /* Headers */,
				162166861D76ACEC001B7753 /* Resources */,
			);
			buildRules = (
			);
			dependencies = (
			);
			name = SMarkLightOSX;
			productName = SMarkLightOSX;
			productReference = 162166881D76ACEC001B7753 /* SMarkLight.framework */;
			productType = "com.apple.product-type.framework";
		};
		162166901D76ACEC001B7753 /* SMarkLightOSXTests */ = {
			isa = PBXNativeTarget;
			buildConfigurationList = 1621669C1D76ACEC001B7753 /* Build configuration list for PBXNativeTarget "SMarkLightOSXTests" */;
			buildPhases = (
				1621668D1D76ACEC001B7753 /* Sources */,
				1621668E1D76ACEC001B7753 /* Frameworks */,
				1621668F1D76ACEC001B7753 /* Resources */,
			);
			buildRules = (
			);
			dependencies = (
				162166941D76ACEC001B7753 /* PBXTargetDependency */,
			);
			name = SMarkLightOSXTests;
			productName = SMarkLightOSXTests;
			productReference = 162166911D76ACEC001B7753 /* SMarkLightOSXTests.xctest */;
			productType = "com.apple.product-type.bundle.unit-test";
		};
		162166A61D76B0F7001B7753 /* OSXDemo */ = {
			isa = PBXNativeTarget;
			buildConfigurationList = 162166B11D76B0F7001B7753 /* Build configuration list for PBXNativeTarget "OSXDemo" */;
			buildPhases = (
				162166A31D76B0F7001B7753 /* Sources */,
				162166A41D76B0F7001B7753 /* Frameworks */,
				162166A51D76B0F7001B7753 /* Resources */,
				162166BB1D76B24F001B7753 /* Embed Frameworks */,
			);
			buildRules = (
			);
			dependencies = (
				162166BA1D76B24F001B7753 /* PBXTargetDependency */,
			);
			name = OSXDemo;
			productName = OSXDemo;
			productReference = 162166A71D76B0F7001B7753 /* OSXDemo.app */;
			productType = "com.apple.product-type.application";
		};
		16CDFB141D7588D1002D50A2 /* SMarkLight */ = {
			isa = PBXNativeTarget;
			buildConfigurationList = 16CDFB291D7588D1002D50A2 /* Build configuration list for PBXNativeTarget "SMarkLight" */;
			buildPhases = (
				16CDFB101D7588D1002D50A2 /* Sources */,
				16CDFB111D7588D1002D50A2 /* Frameworks */,
				16CDFB121D7588D1002D50A2 /* Headers */,
				16CDFB131D7588D1002D50A2 /* Resources */,
			);
			buildRules = (
			);
			dependencies = (
			);
			name = SMarkLight;
			productName = SMarkLight;
			productReference = 16CDFB151D7588D1002D50A2 /* SMarkLight.framework */;
			productType = "com.apple.product-type.framework";
		};
		16CDFB1E1D7588D1002D50A2 /* SMarkLightTests */ = {
			isa = PBXNativeTarget;
			buildConfigurationList = 16CDFB2C1D7588D1002D50A2 /* Build configuration list for PBXNativeTarget "SMarkLightTests" */;
			buildPhases = (
				16CDFB1B1D7588D1002D50A2 /* Sources */,
				16CDFB1C1D7588D1002D50A2 /* Frameworks */,
				16CDFB1D1D7588D1002D50A2 /* Resources */,
			);
			buildRules = (
			);
			dependencies = (
				16CDFB221D7588D1002D50A2 /* PBXTargetDependency */,
			);
			name = SMarkLightTests;
			productName = SMarkLightTests;
			productReference = 16CDFB1F1D7588D1002D50A2 /* SMarkLightTests.xctest */;
			productType = "com.apple.product-type.bundle.unit-test";
		};
		16CDFB371D75891B002D50A2 /* Demo */ = {
			isa = PBXNativeTarget;
			buildConfigurationList = 16CDFB521D75891B002D50A2 /* Build configuration list for PBXNativeTarget "Demo" */;
			buildPhases = (
				16CDFB341D75891B002D50A2 /* Sources */,
				16CDFB351D75891B002D50A2 /* Frameworks */,
				16CDFB361D75891B002D50A2 /* Resources */,
				16CDFB5C1D758928002D50A2 /* Embed Frameworks */,
			);
			buildRules = (
			);
			dependencies = (
				16CDFB5B1D758928002D50A2 /* PBXTargetDependency */,
			);
			name = Demo;
			productName = Demo;
			productReference = 16CDFB381D75891B002D50A2 /* Demo.app */;
			productType = "com.apple.product-type.application";
		};
/* End PBXNativeTarget section */

/* Begin PBXProject section */
		16CDFB0C1D7588D1002D50A2 /* Project object */ = {
			isa = PBXProject;
			attributes = {
				LastSwiftUpdateCheck = 0730;
				LastUpgradeCheck = 0730;
				ORGANIZATIONNAME = LawLincoln;
				TargetAttributes = {
					162166871D76ACEC001B7753 = {
						CreatedOnToolsVersion = 7.3.1;
					};
					162166901D76ACEC001B7753 = {
						CreatedOnToolsVersion = 7.3.1;
					};
					162166A61D76B0F7001B7753 = {
						CreatedOnToolsVersion = 7.3.1;
					};
					16CDFB141D7588D1002D50A2 = {
						CreatedOnToolsVersion = 7.3.1;
					};
					16CDFB1E1D7588D1002D50A2 = {
						CreatedOnToolsVersion = 7.3.1;
					};
					16CDFB371D75891B002D50A2 = {
						CreatedOnToolsVersion = 7.3.1;
						DevelopmentTeam = L5W9FHSX92;
					};
				};
			};
			buildConfigurationList = 16CDFB0F1D7588D1002D50A2 /* Build configuration list for PBXProject "SMarkLight" */;
			compatibilityVersion = "Xcode 3.2";
			developmentRegion = English;
			hasScannedForEncodings = 0;
			knownRegions = (
				en,
				Base,
			);
			mainGroup = 16CDFB0B1D7588D1002D50A2;
			productRefGroup = 16CDFB161D7588D1002D50A2 /* Products */;
			projectDirPath = "";
			projectRoot = "";
			targets = (
				16CDFB141D7588D1002D50A2 /* SMarkLight */,
				16CDFB1E1D7588D1002D50A2 /* SMarkLightTests */,
				16CDFB371D75891B002D50A2 /* Demo */,
				162166871D76ACEC001B7753 /* SMarkLightOSX */,
				162166901D76ACEC001B7753 /* SMarkLightOSXTests */,
				162166A61D76B0F7001B7753 /* OSXDemo */,
			);
		};
/* End PBXProject section */

/* Begin PBXResourcesBuildPhase section */
		162166861D76ACEC001B7753 /* Resources */ = {
			isa = PBXResourcesBuildPhase;
			buildActionMask = 2147483647;
			files = (
				16646CAB1D7824A500DCF2B5 /* Solarized (Light)+.style in Resources */,
				16646CA91D7824A500DCF2B5 /* Solarized (Dark).style in Resources */,
				16646CB11D7824A500DCF2B5 /* Tomorrow+.style in Resources */,
				16646CAD1D7824A500DCF2B5 /* Solarized (Light).style in Resources */,
				16646CA71D7824A500DCF2B5 /* Solarized (Dark)+.style in Resources */,
				16646CB31D7824A500DCF2B5 /* Tomorrow.style in Resources */,
				16646C9F1D7824A500DCF2B5 /* Mou Night+.style in Resources */,
				16646CB71D7824A500DCF2B5 /* Writer.style in Resources */,
				16646C9D1D7824A500DCF2B5 /* Mou Fresh Air.style in Resources */,
				16646CA31D7824A500DCF2B5 /* Mou Paper+.style in Resources */,
				16646CA51D7824A500DCF2B5 /* Mou Paper.style in Resources */,
				16646C9B1D7824A500DCF2B5 /* Mou Fresh Air+.style in Resources */,
				16646CB51D7824A500DCF2B5 /* Writer+.style in Resources */,
				16646CA11D7824A500DCF2B5 /* Mou Night.style in Resources */,
				16646CAF1D7824A500DCF2B5 /* Tomorrow Blue.style in Resources */,
			);
			runOnlyForDeploymentPostprocessing = 0;
		};
		1621668F1D76ACEC001B7753 /* Resources */ = {
			isa = PBXResourcesBuildPhase;
			buildActionMask = 2147483647;
			files = (
			);
			runOnlyForDeploymentPostprocessing = 0;
		};
		162166A51D76B0F7001B7753 /* Resources */ = {
			isa = PBXResourcesBuildPhase;
			buildActionMask = 2147483647;
			files = (
				162166B61D76B234001B7753 /* Sample.md in Resources */,
				162166AC1D76B0F7001B7753 /* Assets.xcassets in Resources */,
				162166AF1D76B0F7001B7753 /* MainMenu.xib in Resources */,
			);
			runOnlyForDeploymentPostprocessing = 0;
		};
		16CDFB131D7588D1002D50A2 /* Resources */ = {
			isa = PBXResourcesBuildPhase;
			buildActionMask = 2147483647;
			files = (
				16646CAA1D7824A500DCF2B5 /* Solarized (Light)+.style in Resources */,
				16646CA81D7824A500DCF2B5 /* Solarized (Dark).style in Resources */,
				16646CB01D7824A500DCF2B5 /* Tomorrow+.style in Resources */,
				16646CAC1D7824A500DCF2B5 /* Solarized (Light).style in Resources */,
				16646CA61D7824A500DCF2B5 /* Solarized (Dark)+.style in Resources */,
				16646CB21D7824A500DCF2B5 /* Tomorrow.style in Resources */,
				16646C9E1D7824A500DCF2B5 /* Mou Night+.style in Resources */,
				16646CB61D7824A500DCF2B5 /* Writer.style in Resources */,
				16646C9C1D7824A500DCF2B5 /* Mou Fresh Air.style in Resources */,
				16646CA21D7824A500DCF2B5 /* Mou Paper+.style in Resources */,
				16646CA41D7824A500DCF2B5 /* Mou Paper.style in Resources */,
				16646C9A1D7824A500DCF2B5 /* Mou Fresh Air+.style in Resources */,
				16646CB41D7824A500DCF2B5 /* Writer+.style in Resources */,
				16646CA01D7824A500DCF2B5 /* Mou Night.style in Resources */,
				16646CAE1D7824A500DCF2B5 /* Tomorrow Blue.style in Resources */,
			);
			runOnlyForDeploymentPostprocessing = 0;
		};
		16CDFB1D1D7588D1002D50A2 /* Resources */ = {
			isa = PBXResourcesBuildPhase;
			buildActionMask = 2147483647;
			files = (
			);
			runOnlyForDeploymentPostprocessing = 0;
		};
		16CDFB361D75891B002D50A2 /* Resources */ = {
			isa = PBXResourcesBuildPhase;
			buildActionMask = 2147483647;
			files = (
				16CDFB5E1D75898B002D50A2 /* Sample.md in Resources */,
				16CDFB451D75891B002D50A2 /* LaunchScreen.storyboard in Resources */,
				16CDFB421D75891B002D50A2 /* Assets.xcassets in Resources */,
				16CDFB401D75891B002D50A2 /* Main.storyboard in Resources */,
			);
			runOnlyForDeploymentPostprocessing = 0;
		};
/* End PBXResourcesBuildPhase section */

/* Begin PBXSourcesBuildPhase section */
		162166831D76ACEC001B7753 /* Sources */ = {
			isa = PBXSourcesBuildPhase;
			buildActionMask = 2147483647;
			files = (
				16646CBA1D78256700DCF2B5 /* Extension.swift in Sources */,
				169D73C31D7EC8A7003A8BE9 /* SMarkEditor.swift in Sources */,
				162166A01D76AD12001B7753 /* Marklight.swift in Sources */,
				16646C891D781BC500DCF2B5 /* SMarkStyle.swift in Sources */,
			);
			runOnlyForDeploymentPostprocessing = 0;
		};
		1621668D1D76ACEC001B7753 /* Sources */ = {
			isa = PBXSourcesBuildPhase;
			buildActionMask = 2147483647;
			files = (
				162166971D76ACEC001B7753 /* SMarkLightOSXTests.swift in Sources */,
			);
			runOnlyForDeploymentPostprocessing = 0;
		};
		162166A31D76B0F7001B7753 /* Sources */ = {
			isa = PBXSourcesBuildPhase;
			buildActionMask = 2147483647;
			files = (
				16646C841D77D82A00DCF2B5 /* RootVC.swift in Sources */,
				162166B51D76B173001B7753 /* RootWin.swift in Sources */,
				162166AA1D76B0F7001B7753 /* AppDelegate.swift in Sources */,
			);
			runOnlyForDeploymentPostprocessing = 0;
		};
		16CDFB101D7588D1002D50A2 /* Sources */ = {
			isa = PBXSourcesBuildPhase;
			buildActionMask = 2147483647;
			files = (
				16646CB91D78256700DCF2B5 /* Extension.swift in Sources */,
				16646C881D781BC500DCF2B5 /* SMarkStyle.swift in Sources */,
				16CDFB321D7588FC002D50A2 /* Marklight.swift in Sources */,
				16FA5D271D7E69BC00CA99DD /* SMarkEditor.swift in Sources */,
			);
			runOnlyForDeploymentPostprocessing = 0;
		};
		16CDFB1B1D7588D1002D50A2 /* Sources */ = {
			isa = PBXSourcesBuildPhase;
			buildActionMask = 2147483647;
			files = (
				16CDFB251D7588D1002D50A2 /* SMarkLightTests.swift in Sources */,
			);
			runOnlyForDeploymentPostprocessing = 0;
		};
		16CDFB341D75891B002D50A2 /* Sources */ = {
			isa = PBXSourcesBuildPhase;
			buildActionMask = 2147483647;
			files = (
				16CDFB3D1D75891B002D50A2 /* ViewController.swift in Sources */,
				16CDFB3B1D75891B002D50A2 /* AppDelegate.swift in Sources */,
			);
			runOnlyForDeploymentPostprocessing = 0;
		};
/* End PBXSourcesBuildPhase section */

/* Begin PBXTargetDependency section */
		162166941D76ACEC001B7753 /* PBXTargetDependency */ = {
			isa = PBXTargetDependency;
			target = 162166871D76ACEC001B7753 /* SMarkLightOSX */;
			targetProxy = 162166931D76ACEC001B7753 /* PBXContainerItemProxy */;
		};
		162166BA1D76B24F001B7753 /* PBXTargetDependency */ = {
			isa = PBXTargetDependency;
			target = 162166871D76ACEC001B7753 /* SMarkLightOSX */;
			targetProxy = 162166B91D76B24F001B7753 /* PBXContainerItemProxy */;
		};
		16CDFB221D7588D1002D50A2 /* PBXTargetDependency */ = {
			isa = PBXTargetDependency;
			target = 16CDFB141D7588D1002D50A2 /* SMarkLight */;
			targetProxy = 16CDFB211D7588D1002D50A2 /* PBXContainerItemProxy */;
		};
		16CDFB5B1D758928002D50A2 /* PBXTargetDependency */ = {
			isa = PBXTargetDependency;
			target = 16CDFB141D7588D1002D50A2 /* SMarkLight */;
			targetProxy = 16CDFB5A1D758928002D50A2 /* PBXContainerItemProxy */;
		};
/* End PBXTargetDependency section */

/* Begin PBXVariantGroup section */
		162166AD1D76B0F7001B7753 /* MainMenu.xib */ = {
			isa = PBXVariantGroup;
			children = (
				162166AE1D76B0F7001B7753 /* Base */,
			);
			name = MainMenu.xib;
			sourceTree = "<group>";
		};
		16CDFB3E1D75891B002D50A2 /* Main.storyboard */ = {
			isa = PBXVariantGroup;
			children = (
				16CDFB3F1D75891B002D50A2 /* Base */,
			);
			name = Main.storyboard;
			sourceTree = "<group>";
		};
		16CDFB431D75891B002D50A2 /* LaunchScreen.storyboard */ = {
			isa = PBXVariantGroup;
			children = (
				16CDFB441D75891B002D50A2 /* Base */,
			);
			name = LaunchScreen.storyboard;
			sourceTree = "<group>";
		};
/* End PBXVariantGroup section */

/* Begin XCBuildConfiguration section */
		1621669A1D76ACEC001B7753 /* Debug */ = {
			isa = XCBuildConfiguration;
			buildSettings = {
				CODE_SIGN_IDENTITY = "-";
				COMBINE_HIDPI_IMAGES = YES;
				DEFINES_MODULE = YES;
				DYLIB_COMPATIBILITY_VERSION = 1;
				DYLIB_CURRENT_VERSION = 1;
				DYLIB_INSTALL_NAME_BASE = "@rpath";
				FRAMEWORK_VERSION = A;
				INFOPLIST_FILE = SMarkLightOSX/Info.plist;
				INSTALL_PATH = "$(LOCAL_LIBRARY_DIR)/Frameworks";
				LD_RUNPATH_SEARCH_PATHS = "$(inherited) @executable_path/../Frameworks @loader_path/Frameworks";
				MACOSX_DEPLOYMENT_TARGET = 10.11;
				PRODUCT_BUNDLE_IDENTIFIER = com.SelfStudio.SMarkLightOSX;
				PRODUCT_NAME = SMarkLight;
				SDKROOT = macosx;
				SKIP_INSTALL = YES;
			};
			name = Debug;
		};
		1621669B1D76ACEC001B7753 /* Release */ = {
			isa = XCBuildConfiguration;
			buildSettings = {
				CODE_SIGN_IDENTITY = "-";
				COMBINE_HIDPI_IMAGES = YES;
				DEFINES_MODULE = YES;
				DYLIB_COMPATIBILITY_VERSION = 1;
				DYLIB_CURRENT_VERSION = 1;
				DYLIB_INSTALL_NAME_BASE = "@rpath";
				FRAMEWORK_VERSION = A;
				INFOPLIST_FILE = SMarkLightOSX/Info.plist;
				INSTALL_PATH = "$(LOCAL_LIBRARY_DIR)/Frameworks";
				LD_RUNPATH_SEARCH_PATHS = "$(inherited) @executable_path/../Frameworks @loader_path/Frameworks";
				MACOSX_DEPLOYMENT_TARGET = 10.11;
				PRODUCT_BUNDLE_IDENTIFIER = com.SelfStudio.SMarkLightOSX;
				PRODUCT_NAME = SMarkLight;
				SDKROOT = macosx;
				SKIP_INSTALL = YES;
			};
			name = Release;
		};
		1621669D1D76ACEC001B7753 /* Debug */ = {
			isa = XCBuildConfiguration;
			buildSettings = {
				CODE_SIGN_IDENTITY = "-";
				COMBINE_HIDPI_IMAGES = YES;
				INFOPLIST_FILE = SMarkLightOSXTests/Info.plist;
				LD_RUNPATH_SEARCH_PATHS = "$(inherited) @executable_path/../Frameworks @loader_path/../Frameworks";
				MACOSX_DEPLOYMENT_TARGET = 10.11;
				PRODUCT_BUNDLE_IDENTIFIER = com.SelfStudio.SMarkLightOSXTests;
				PRODUCT_NAME = "$(TARGET_NAME)";
				SDKROOT = macosx;
			};
			name = Debug;
		};
		1621669E1D76ACEC001B7753 /* Release */ = {
			isa = XCBuildConfiguration;
			buildSettings = {
				CODE_SIGN_IDENTITY = "-";
				COMBINE_HIDPI_IMAGES = YES;
				INFOPLIST_FILE = SMarkLightOSXTests/Info.plist;
				LD_RUNPATH_SEARCH_PATHS = "$(inherited) @executable_path/../Frameworks @loader_path/../Frameworks";
				MACOSX_DEPLOYMENT_TARGET = 10.11;
				PRODUCT_BUNDLE_IDENTIFIER = com.SelfStudio.SMarkLightOSXTests;
				PRODUCT_NAME = "$(TARGET_NAME)";
				SDKROOT = macosx;
			};
			name = Release;
		};
		162166B21D76B0F7001B7753 /* Debug */ = {
			isa = XCBuildConfiguration;
			buildSettings = {
				ASSETCATALOG_COMPILER_APPICON_NAME = AppIcon;
				CODE_SIGN_IDENTITY = "-";
				COMBINE_HIDPI_IMAGES = YES;
				EMBEDDED_CONTENT_CONTAINS_SWIFT = YES;
				INFOPLIST_FILE = OSXDemo/Info.plist;
				LD_RUNPATH_SEARCH_PATHS = "$(inherited) @executable_path/../Frameworks";
				MACOSX_DEPLOYMENT_TARGET = 10.11;
				PRODUCT_BUNDLE_IDENTIFIER = com.SelfStudio.OSXDemo;
				PRODUCT_NAME = "$(TARGET_NAME)";
				SDKROOT = macosx;
			};
			name = Debug;
		};
		162166B31D76B0F7001B7753 /* Release */ = {
			isa = XCBuildConfiguration;
			buildSettings = {
				ASSETCATALOG_COMPILER_APPICON_NAME = AppIcon;
				CODE_SIGN_IDENTITY = "-";
				COMBINE_HIDPI_IMAGES = YES;
				EMBEDDED_CONTENT_CONTAINS_SWIFT = YES;
				INFOPLIST_FILE = OSXDemo/Info.plist;
				LD_RUNPATH_SEARCH_PATHS = "$(inherited) @executable_path/../Frameworks";
				MACOSX_DEPLOYMENT_TARGET = 10.11;
				PRODUCT_BUNDLE_IDENTIFIER = com.SelfStudio.OSXDemo;
				PRODUCT_NAME = "$(TARGET_NAME)";
				SDKROOT = macosx;
			};
			name = Release;
		};
		16CDFB271D7588D1002D50A2 /* Debug */ = {
			isa = XCBuildConfiguration;
			buildSettings = {
				ALWAYS_SEARCH_USER_PATHS = NO;
				CLANG_ANALYZER_NONNULL = YES;
				CLANG_CXX_LANGUAGE_STANDARD = "gnu++0x";
				CLANG_CXX_LIBRARY = "libc++";
				CLANG_ENABLE_MODULES = YES;
				CLANG_ENABLE_OBJC_ARC = YES;
				CLANG_WARN_BOOL_CONVERSION = YES;
				CLANG_WARN_CONSTANT_CONVERSION = YES;
				CLANG_WARN_DIRECT_OBJC_ISA_USAGE = YES_ERROR;
				CLANG_WARN_EMPTY_BODY = YES;
				CLANG_WARN_ENUM_CONVERSION = YES;
				CLANG_WARN_INT_CONVERSION = YES;
				CLANG_WARN_OBJC_ROOT_CLASS = YES_ERROR;
				CLANG_WARN_UNREACHABLE_CODE = YES;
				CLANG_WARN__DUPLICATE_METHOD_MATCH = YES;
				"CODE_SIGN_IDENTITY[sdk=iphoneos*]" = "iPhone Developer";
				COPY_PHASE_STRIP = NO;
				CURRENT_PROJECT_VERSION = 1;
				DEBUG_INFORMATION_FORMAT = dwarf;
				ENABLE_STRICT_OBJC_MSGSEND = YES;
				ENABLE_TESTABILITY = YES;
				GCC_C_LANGUAGE_STANDARD = gnu99;
				GCC_DYNAMIC_NO_PIC = NO;
				GCC_NO_COMMON_BLOCKS = YES;
				GCC_OPTIMIZATION_LEVEL = 0;
				GCC_PREPROCESSOR_DEFINITIONS = (
					"DEBUG=1",
					"$(inherited)",
				);
				GCC_WARN_64_TO_32_BIT_CONVERSION = YES;
				GCC_WARN_ABOUT_RETURN_TYPE = YES_ERROR;
				GCC_WARN_UNDECLARED_SELECTOR = YES;
				GCC_WARN_UNINITIALIZED_AUTOS = YES_AGGRESSIVE;
				GCC_WARN_UNUSED_FUNCTION = YES;
				GCC_WARN_UNUSED_VARIABLE = YES;
				IPHONEOS_DEPLOYMENT_TARGET = 8.0;
				MTL_ENABLE_DEBUG_INFO = YES;
				ONLY_ACTIVE_ARCH = YES;
				SDKROOT = iphoneos;
				SWIFT_OPTIMIZATION_LEVEL = "-Onone";
				TARGETED_DEVICE_FAMILY = "1,2";
				VERSIONING_SYSTEM = "apple-generic";
				VERSION_INFO_PREFIX = "";
			};
			name = Debug;
		};
		16CDFB281D7588D1002D50A2 /* Release */ = {
			isa = XCBuildConfiguration;
			buildSettings = {
				ALWAYS_SEARCH_USER_PATHS = NO;
				CLANG_ANALYZER_NONNULL = YES;
				CLANG_CXX_LANGUAGE_STANDARD = "gnu++0x";
				CLANG_CXX_LIBRARY = "libc++";
				CLANG_ENABLE_MODULES = YES;
				CLANG_ENABLE_OBJC_ARC = YES;
				CLANG_WARN_BOOL_CONVERSION = YES;
				CLANG_WARN_CONSTANT_CONVERSION = YES;
				CLANG_WARN_DIRECT_OBJC_ISA_USAGE = YES_ERROR;
				CLANG_WARN_EMPTY_BODY = YES;
				CLANG_WARN_ENUM_CONVERSION = YES;
				CLANG_WARN_INT_CONVERSION = YES;
				CLANG_WARN_OBJC_ROOT_CLASS = YES_ERROR;
				CLANG_WARN_UNREACHABLE_CODE = YES;
				CLANG_WARN__DUPLICATE_METHOD_MATCH = YES;
				"CODE_SIGN_IDENTITY[sdk=iphoneos*]" = "iPhone Developer";
				COPY_PHASE_STRIP = NO;
				CURRENT_PROJECT_VERSION = 1;
				DEBUG_INFORMATION_FORMAT = "dwarf-with-dsym";
				ENABLE_NS_ASSERTIONS = NO;
				ENABLE_STRICT_OBJC_MSGSEND = YES;
				GCC_C_LANGUAGE_STANDARD = gnu99;
				GCC_NO_COMMON_BLOCKS = YES;
				GCC_WARN_64_TO_32_BIT_CONVERSION = YES;
				GCC_WARN_ABOUT_RETURN_TYPE = YES_ERROR;
				GCC_WARN_UNDECLARED_SELECTOR = YES;
				GCC_WARN_UNINITIALIZED_AUTOS = YES_AGGRESSIVE;
				GCC_WARN_UNUSED_FUNCTION = YES;
				GCC_WARN_UNUSED_VARIABLE = YES;
				IPHONEOS_DEPLOYMENT_TARGET = 8.0;
				MTL_ENABLE_DEBUG_INFO = NO;
				SDKROOT = iphoneos;
				TARGETED_DEVICE_FAMILY = "1,2";
				VALIDATE_PRODUCT = YES;
				VERSIONING_SYSTEM = "apple-generic";
				VERSION_INFO_PREFIX = "";
			};
			name = Release;
		};
		16CDFB2A1D7588D1002D50A2 /* Debug */ = {
			isa = XCBuildConfiguration;
			buildSettings = {
				DEFINES_MODULE = YES;
				DYLIB_COMPATIBILITY_VERSION = 1;
				DYLIB_CURRENT_VERSION = 1;
				DYLIB_INSTALL_NAME_BASE = "@rpath";
				INFOPLIST_FILE = SMarkLight/Info.plist;
				INSTALL_PATH = "$(LOCAL_LIBRARY_DIR)/Frameworks";
				LD_RUNPATH_SEARCH_PATHS = "$(inherited) @executable_path/Frameworks @loader_path/Frameworks";
				PRODUCT_BUNDLE_IDENTIFIER = com.SelfStudio.SMarkLight;
				PRODUCT_NAME = "$(TARGET_NAME)";
				SKIP_INSTALL = YES;
			};
			name = Debug;
		};
		16CDFB2B1D7588D1002D50A2 /* Release */ = {
			isa = XCBuildConfiguration;
			buildSettings = {
				DEFINES_MODULE = YES;
				DYLIB_COMPATIBILITY_VERSION = 1;
				DYLIB_CURRENT_VERSION = 1;
				DYLIB_INSTALL_NAME_BASE = "@rpath";
				INFOPLIST_FILE = SMarkLight/Info.plist;
				INSTALL_PATH = "$(LOCAL_LIBRARY_DIR)/Frameworks";
				LD_RUNPATH_SEARCH_PATHS = "$(inherited) @executable_path/Frameworks @loader_path/Frameworks";
				PRODUCT_BUNDLE_IDENTIFIER = com.SelfStudio.SMarkLight;
				PRODUCT_NAME = "$(TARGET_NAME)";
				SKIP_INSTALL = YES;
			};
			name = Release;
		};
		16CDFB2D1D7588D1002D50A2 /* Debug */ = {
			isa = XCBuildConfiguration;
			buildSettings = {
				INFOPLIST_FILE = SMarkLightTests/Info.plist;
				LD_RUNPATH_SEARCH_PATHS = "$(inherited) @executable_path/Frameworks @loader_path/Frameworks";
				PRODUCT_BUNDLE_IDENTIFIER = com.SelfStudio.SMarkLightTests;
				PRODUCT_NAME = "$(TARGET_NAME)";
			};
			name = Debug;
		};
		16CDFB2E1D7588D1002D50A2 /* Release */ = {
			isa = XCBuildConfiguration;
			buildSettings = {
				INFOPLIST_FILE = SMarkLightTests/Info.plist;
				LD_RUNPATH_SEARCH_PATHS = "$(inherited) @executable_path/Frameworks @loader_path/Frameworks";
				PRODUCT_BUNDLE_IDENTIFIER = com.SelfStudio.SMarkLightTests;
				PRODUCT_NAME = "$(TARGET_NAME)";
			};
			name = Release;
		};
		16CDFB531D75891B002D50A2 /* Debug */ = {
			isa = XCBuildConfiguration;
			buildSettings = {
				ASSETCATALOG_COMPILER_APPICON_NAME = AppIcon;
				CODE_SIGN_IDENTITY = "iPhone Developer";
				EMBEDDED_CONTENT_CONTAINS_SWIFT = YES;
				INFOPLIST_FILE = Demo/Info.plist;
				IPHONEOS_DEPLOYMENT_TARGET = 8.0;
				LD_RUNPATH_SEARCH_PATHS = "$(inherited) @executable_path/Frameworks";
				PRODUCT_BUNDLE_IDENTIFIER = com.SelfStudio.Demo;
				PRODUCT_NAME = "$(TARGET_NAME)";
			};
			name = Debug;
		};
		16CDFB541D75891B002D50A2 /* Release */ = {
			isa = XCBuildConfiguration;
			buildSettings = {
				ASSETCATALOG_COMPILER_APPICON_NAME = AppIcon;
				CODE_SIGN_IDENTITY = "iPhone Developer";
				EMBEDDED_CONTENT_CONTAINS_SWIFT = YES;
				INFOPLIST_FILE = Demo/Info.plist;
				IPHONEOS_DEPLOYMENT_TARGET = 8.0;
				LD_RUNPATH_SEARCH_PATHS = "$(inherited) @executable_path/Frameworks";
				PRODUCT_BUNDLE_IDENTIFIER = com.SelfStudio.Demo;
				PRODUCT_NAME = "$(TARGET_NAME)";
			};
			name = Release;
		};
/* End XCBuildConfiguration section */

/* Begin XCConfigurationList section */
		162166991D76ACEC001B7753 /* Build configuration list for PBXNativeTarget "SMarkLightOSX" */ = {
			isa = XCConfigurationList;
			buildConfigurations = (
				1621669A1D76ACEC001B7753 /* Debug */,
				1621669B1D76ACEC001B7753 /* Release */,
			);
			defaultConfigurationIsVisible = 0;
			defaultConfigurationName = Release;
		};
		1621669C1D76ACEC001B7753 /* Build configuration list for PBXNativeTarget "SMarkLightOSXTests" */ = {
			isa = XCConfigurationList;
			buildConfigurations = (
				1621669D1D76ACEC001B7753 /* Debug */,
				1621669E1D76ACEC001B7753 /* Release */,
			);
			defaultConfigurationIsVisible = 0;
			defaultConfigurationName = Release;
		};
		162166B11D76B0F7001B7753 /* Build configuration list for PBXNativeTarget "OSXDemo" */ = {
			isa = XCConfigurationList;
			buildConfigurations = (
				162166B21D76B0F7001B7753 /* Debug */,
				162166B31D76B0F7001B7753 /* Release */,
			);
			defaultConfigurationIsVisible = 0;
			defaultConfigurationName = Release;
		};
		16CDFB0F1D7588D1002D50A2 /* Build configuration list for PBXProject "SMarkLight" */ = {
			isa = XCConfigurationList;
			buildConfigurations = (
				16CDFB271D7588D1002D50A2 /* Debug */,
				16CDFB281D7588D1002D50A2 /* Release */,
			);
			defaultConfigurationIsVisible = 0;
			defaultConfigurationName = Release;
		};
		16CDFB291D7588D1002D50A2 /* Build configuration list for PBXNativeTarget "SMarkLight" */ = {
			isa = XCConfigurationList;
			buildConfigurations = (
				16CDFB2A1D7588D1002D50A2 /* Debug */,
				16CDFB2B1D7588D1002D50A2 /* Release */,
			);
			defaultConfigurationIsVisible = 0;
			defaultConfigurationName = Release;
		};
		16CDFB2C1D7588D1002D50A2 /* Build configuration list for PBXNativeTarget "SMarkLightTests" */ = {
			isa = XCConfigurationList;
			buildConfigurations = (
				16CDFB2D1D7588D1002D50A2 /* Debug */,
				16CDFB2E1D7588D1002D50A2 /* Release */,
			);
			defaultConfigurationIsVisible = 0;
			defaultConfigurationName = Release;
		};
		16CDFB521D75891B002D50A2 /* Build configuration list for PBXNativeTarget "Demo" */ = {
			isa = XCConfigurationList;
			buildConfigurations = (
				16CDFB531D75891B002D50A2 /* Debug */,
				16CDFB541D75891B002D50A2 /* Release */,
			);
			defaultConfigurationIsVisible = 0;
			defaultConfigurationName = Release;
		};
/* End XCConfigurationList section */
	};
	rootObject = 16CDFB0C1D7588D1002D50A2 /* Project object */;
}
